{
    "_readme": [
        "This file locks the dependencies of your project to a known state",
        "Read more about it at http://getcomposer.org/doc/01-basic-usage.md#composer-lock-the-lock-file"
    ],
    "hash": "d57c4c26c4e62a661cf03a3dbb601e0c",
    "packages": [
        {
            "name": "zurb/foundation",
            "version": "5.0.3",
            "source": {
                "type": "git",
                "url": "https://github.com/zurb/foundation.git",
                "reference": "5fa4adcd7ea8ce021bf5ade8189a1d7c5a1d75dd"
            },
            "dist": {
                "type": "zip",
                "url": "https://api.github.com/repos/zurb/foundation/zipball/5fa4adcd7ea8ce021bf5ade8189a1d7c5a1d75dd",
                "reference": "5fa4adcd7ea8ce021bf5ade8189a1d7c5a1d75dd",
                "shasum": ""
            },
            "type": "library",
            "notification-url": "https://packagist.org/downloads/",
            "license": [
                "MIT"
            ],
            "description": "The most advanced responsive front-end framework in the world.",
            "homepage": "http://foundation.zurb.com",
            "keywords": [
                "foundation",
                "scss"
            ],
            "time": "2014-01-15 21:58:15"
        }
    ],
    "packages-dev": [

    ],
    "aliases": [

    ],
    "minimum-stability": "stable",
    "stability-flags": [

    ],
    "platform": [

    ],
    "platform-dev": [

    ]
}
